PODS:
  - ASIHTTPRequest (1.8.2):
    - ASIHTTPRequest/ASIWebPageRequest (= 1.8.2)
    - ASIHTTPRequest/CloudFiles (= 1.8.2)
    - ASIHTTPRequest/Core (= 1.8.2)
    - ASIHTTPRequest/S3 (= 1.8.2)
  - ASIHTTPRequest/ASIWebPageRequest (1.8.2):
    - ASIHTTPRequest/Core
  - ASIHTTPRequest/CloudFiles (1.8.2):
    - ASIHTTPRequest/Core
  - ASIHTTPRequest/Core (1.8.2):
    - Reachability
  - ASIHTTPRequest/S3 (1.8.2):
    - ASIHTTPRequest/Core
  - Reachability (3.2)
  - XMLReader (0.0.2)

DEPENDENCIES:
  - ASIHTTPRequest
  - XMLReader

SPEC CHECKSUMS:
  ASIHTTPRequest: ec013992946676b7978dcbde6396d57312d21db4
  Reachability: 33e18b67625424e47b6cde6d202dce689ad7af96
  XMLReader: c7e54b707c368e2fa545d8313276b4de13a36ff5

PODFILE CHECKSUM: e51c88d633bb9a0b27497699432354079c100c65

COCOAPODS: 1.0.1
