// !$*UTF8*$!
{
	archiveVersion = 1;
	classes = {
	};
	objectVersion = 46;
	objects = {

/* Begin PBXBuildFile section */
		77F986811D2D67960034D39F /* main.m in Sources */ = {isa = PBXBuildFile; fileRef = 77F986801D2D67960034D39F /* main.m */; };
		77F986841D2D67960034D39F /* AppDelegate.m in Sources */ = {isa = PBXBuildFile; fileRef = 77F986831D2D67960034D39F /* AppDelegate.m */; };
		77F986871D2D67960034D39F /* ViewController.m in Sources */ = {isa = PBXBuildFile; fileRef = 77F986861D2D67960034D39F /* ViewController.m */; };
		77F9868A1D2D67960034D39F /* Main.storyboard in Resources */ = {isa = PBXBuildFile; fileRef = 77F986881D2D67960034D39F /* Main.storyboard */; };
		77F9868C1D2D67960034D39F /* Assets.xcassets in Resources */ = {isa = PBXBuildFile; fileRef = 77F9868B1D2D67960034D39F /* Assets.xcassets */; };
		77F9868F1D2D67960034D39F /* LaunchScreen.storyboard in Resources */ = {isa = PBXBuildFile; fileRef = 77F9868D1D2D67960034D39F /* LaunchScreen.storyboard */; };
/* End PBXBuildFile section */

/* Begin PBXFileReference section */
		77F9867C1D2D67960034D39F /* WeatherInZP.app */ = {isa = PBXFileReference; explicitFileType = wrapper.application; includeInIndex = 0; path = WeatherInZP.app; sourceTree = BUILT_PRODUCTS_DIR; };
		77F986801D2D67960034D39F /* main.m */ = {isa = PBXFileReference; lastKnownFileType = sourcecode.c.objc; path = main.m; sourceTree = "<group>"; };
		77F986821D2D67960034D39F /* AppDelegate.h */ = {isa = PBXFileReference; lastKnownFileType = sourcecode.c.h; path = AppDelegate.h; sourceTree = "<group>"; };
		77F986831D2D67960034D39F /* AppDelegate.m */ = {isa = PBXFileReference; lastKnownFileType = sourcecode.c.objc; path = AppDelegate.m; sourceTree = "<group>"; };
		77F986851D2D67960034D39F /* ViewController.h */ = {isa = PBXFileReference; lastKnownFileType = sourcecode.c.h; path = ViewController.h; sourceTree = "<group>"; };
		77F986861D2D67960034D39F /* ViewController.m */ = {isa = PBXFileReference; lastKnownFileType = sourcecode.c.objc; path = ViewController.m; sourceTree = "<group>"; };
		77F986891D2D67960034D39F /* Base */ = {isa = PBXFileReference; lastKnownFileType = file.storyboard; name = Base; path = Base.lproj/Main.storyboard; sourceTree = "<group>"; };
		77F9868B1D2D67960034D39F /* Assets.xcassets */ = {isa = PBXFileReference; lastKnownFileType = folder.assetcatalog; path = Assets.xcassets; sourceTree = "<group>"; };
		77F9868E1D2D67960034D39F /* Base */ = {isa = PBXFileReference; lastKnownFileType = file.storyboard; name = Base; path = Base.lproj/LaunchScreen.storyboard; sourceTree = "<group>"; };
		77F986901D2D67960034D39F /* Info.plist */ = {isa = PBXFileReference; lastKnownFileType = text.plist.xml; path = Info.plist; sourceTree = "<group>"; };
/* End PBXFileReference section */

/* Begin PBXFrameworksBuildPhase section */
		77F986791D2D67960034D39F /* Frameworks */ = {
			isa = PBXFrameworksBuildPhase;
			buildActionMask = 2147483647;
			files = (
			);
			runOnlyForDeploymentPostprocessing = 0;
		};
/* End PBXFrameworksBuildPhase section */

/* Begin PBXGroup section */
		77F986731D2D67960034D39F = {
			isa = PBXGroup;
			children = (
				77F9867E1D2D67960034D39F /* WeatherInZP */,
				77F9867D1D2D67960034D39F /* Products */,
			);
			sourceTree = "<group>";
		};
		77F9867D1D2D67960034D39F /* Products */ = {
			isa = PBXGroup;
			children = (
				77F9867C1D2D67960034D39F /* WeatherInZP.app */,
			);
			name = Products;
			sourceTree = "<group>";
		};
		77F9867E1D2D67960034D39F /* WeatherInZP */ = {
			isa = PBXGroup;
			children = (
				77F986821D2D67960034D39F /* AppDelegate.h */,
				77F986831D2D67960034D39F /* AppDelegate.m */,
				77F986851D2D67960034D39F /* ViewController.h */,
				77F986861D2D67960034D39F /* ViewController.m */,
				77F986881D2D67960034D39F /* Main.storyboard */,
				77F9868B1D2D67960034D39F /* Assets.xcassets */,
				77F9868D1D2D67960034D39F /* LaunchScreen.storyboard */,
				77F986901D2D67960034D39F /* Info.plist */,
				77F9867F1D2D67960034D39F /* Supporting Files */,
			);
			path = WeatherInZP;
			sourceTree = "<group>";
		};
		77F9867F1D2D67960034D39F /* Supporting Files */ = {
			isa = PBXGroup;
			children = (
				77F986801D2D67960034D39F /* main.m */,
			);
			name = "Supporting Files";
			sourceTree = "<group>";
		};
/* End PBXGroup section */

/* Begin PBXNativeTarget section */
		77F9867B1D2D67960034D39F /* WeatherInZP */ = {
			isa = PBXNativeTarget;
			buildConfigurationList = 77F986931D2D67960034D39F /* Build configuration list for PBXNativeTarget "WeatherInZP" */;
			buildPhases = (
				77F986781D2D67960034D39F /* Sources */,
				77F986791D2D67960034D39F /* Frameworks */,
				77F9867A1D2D67960034D39F /* Resources */,
			);
			buildRules = (
			);
			dependencies = (
			);
			name = WeatherInZP;
			productName = WeatherInZP;
			productReference = 77F9867C1D2D67960034D39F /* WeatherInZP.app */;
			productType = "com.apple.product-type.application";
		};
/* End PBXNativeTarget section */

/* Begin PBXProject section */
		77F986741D2D67960034D39F /* Project object */ = {
			isa = PBXProject;
			attributes = {
				LastUpgradeCheck = 0730;
				ORGANIZATIONNAME = Hegefix;
				TargetAttributes = {
					77F9867B1D2D67960034D39F = {
						CreatedOnToolsVersion = 7.3.1;
						DevelopmentTeam = VP3NV5MGA2;
					};
				};
			};
			buildConfigurationList = 77F986771D2D67960034D39F /* Build configuration list for PBXProject "WeatherInZP" */;
			compatibilityVersion = "Xcode 3.2";
			developmentRegion = English;
			hasScannedForEncodings = 0;
			knownRegions = (
				en,
				Base,
			);
			mainGroup = 77F986731D2D67960034D39F;
			productRefGroup = 77F9867D1D2D67960034D39F /* Products */;
			projectDirPath = "";
			projectRoot = "";
			targets = (
				77F9867B1D2D67960034D39F /* WeatherInZP */,
			);
		};
/* End PBXProject section */

/* Begin PBXResourcesBuildPhase section */
		77F9867A1D2D67960034D39F /* Resources */ = {
			isa = PBXResourcesBuildPhase;
			buildActionMask = 2147483647;
			files = (
				77F9868F1D2D67960034D39F /* LaunchScreen.storyboard in Resources */,
				77F9868C1D2D67960034D39F /* Assets.xcassets in Resources */,
				77F9868A1D2D67960034D39F /* Main.storyboard in Resources */,
			);
			runOnlyForDeploymentPostprocessing = 0;
		};
/* End PBXResourcesBuildPhase section */

/* Begin PBXSourcesBuildPhase section */
		77F986781D2D67960034D39F /* Sources */ = {
			isa = PBXSourcesBuildPhase;
			buildActionMask = 2147483647;
			files = (
				77F986871D2D67960034D39F /* ViewController.m in Sources */,
				77F986841D2D67960034D39F /* AppDelegate.m in Sources */,
				77F986811D2D67960034D39F /* main.m in Sources */,
			);
			runOnlyForDeploymentPostprocessing = 0;
		};
/* End PBXSourcesBuildPhase section */

/* Begin PBXVariantGroup section */
		77F986881D2D67960034D39F /* Main.storyboard */ = {
			isa = PBXVariantGroup;
			children = (
				77F986891D2D67960034D39F /* Base */,
			);
			name = Main.storyboard;
			sourceTree = "<group>";
		};
		77F9868D1D2D67960034D39F /* LaunchScreen.storyboard */ = {
			isa = PBXVariantGroup;
			children = (
				77F9868E1D2D67960034D39F /* Base */,
			);
			name = LaunchScreen.storyboard;
			sourceTree = "<group>";
		};
/* End PBXVariantGroup section */

/* Begin XCBuildConfiguration section */
		77F986911D2D67960034D39F /* Debug */ = {
			isa = XCBuildConfiguration;
			buildSettings = {
				ALWAYS_SEARCH_USER_PATHS = NO;
				CLANG_ANALYZER_NONNULL = YES;
				CLANG_CXX_LANGUAGE_STANDARD = "gnu++0x";
				CLANG_CXX_LIBRARY = "libc++";
				CLANG_ENABLE_MODULES = YES;
				CLANG_ENABLE_OBJC_ARC = YES;
				CLANG_WARN_BOOL_CONVERSION = YES;
				CLANG_WARN_CONSTANT_CONVERSION = YES;
				CLANG_WARN_DIRECT_OBJC_ISA_USAGE = YES_ERROR;
				CLANG_WARN_EMPTY_BODY = YES;
				CLANG_WARN_ENUM_CONVERSION = YES;
				CLANG_WARN_INT_CONVERSION = YES;
				CLANG_WARN_OBJC_ROOT_CLASS = YES_ERROR;
				CLANG_WARN_UNREACHABLE_CODE = YES;
				CLANG_WARN__DUPLICATE_METHOD_MATCH = YES;
				"CODE_SIGN_IDENTITY[sdk=iphoneos*]" = "iPhone Developer";
				COPY_PHASE_STRIP = NO;
				DEBUG_INFORMATION_FORMAT = dwarf;
				ENABLE_STRICT_OBJC_MSGSEND = YES;
				ENABLE_TESTABILITY = YES;
				GCC_C_LANGUAGE_STANDARD = gnu99;
				GCC_DYNAMIC_NO_PIC = NO;
				GCC_NO_COMMON_BLOCKS = YES;
				GCC_OPTIMIZATION_LEVEL = 0;
				GCC_PREPROCESSOR_DEFINITIONS = (
					"DEBUG=1",
					"$(inherited)",
				);
				GCC_WARN_64_TO_32_BIT_CONVERSION = YES;
				GCC_WARN_ABOUT_RETURN_TYPE = YES_ERROR;
				GCC_WARN_UNDECLARED_SELECTOR = YES;
				GCC_WARN_UNINITIALIZED_AUTOS = YES_AGGRESSIVE;
				GCC_WARN_UNUSED_FUNCTION = YES;
				GCC_WARN_UNUSED_VARIABLE = YES;
				IPHONEOS_DEPLOYMENT_TARGET = 9.3;
				MTL_ENABLE_DEBUG_INFO = YES;
				ONLY_ACTIVE_ARCH = YES;
				SDKROOT = iphoneos;
			};
			name = Debug;
		};
		77F986921D2D67960034D39F /* Release */ = {
			isa = XCBuildConfiguration;
			buildSettings = {
				ALWAYS_SEARCH_USER_PATHS = NO;
				CLANG_ANALYZER_NONNULL = YES;
				CLANG_CXX_LANGUAGE_STANDARD = "gnu++0x";
				CLANG_CXX_LIBRARY = "libc++";
				CLANG_ENABLE_MODULES = YES;
				CLANG_ENABLE_OBJC_ARC = YES;
				CLANG_WARN_BOOL_CONVERSION = YES;
				CLANG_WARN_CONSTANT_CONVERSION = YES;
				CLANG_WARN_DIRECT_OBJC_ISA_USAGE = YES_ERROR;
				CLANG_WARN_EMPTY_BODY = YES;
				CLANG_WARN_ENUM_CONVERSION = YES;
				CLANG_WARN_INT_CONVERSION = YES;
				CLANG_WARN_OBJC_ROOT_CLASS = YES_ERROR;
				CLANG_WARN_UNREACHABLE_CODE = YES;
				CLANG_WARN__DUPLICATE_METHOD_MATCH = YES;
				"CODE_SIGN_IDENTITY[sdk=iphoneos*]" = "iPhone Developer";
				COPY_PHASE_STRIP = NO;
				DEBUG_INFORMATION_FORMAT = "dwarf-with-dsym";
				ENABLE_NS_ASSERTIONS = NO;
				ENABLE_STRICT_OBJC_MSGSEND = YES;
				GCC_C_LANGUAGE_STANDARD = gnu99;
				GCC_NO_COMMON_BLOCKS = YES;
				GCC_WARN_64_TO_32_BIT_CONVERSION = YES;
				GCC_WARN_ABOUT_RETURN_TYPE = YES_ERROR;
				GCC_WARN_UNDECLARED_SELECTOR = YES;
				GCC_WARN_UNINITIALIZED_AUTOS = YES_AGGRESSIVE;
				GCC_WARN_UNUSED_FUNCTION = YES;
				GCC_WARN_UNUSED_VARIABLE = YES;
				IPHONEOS_DEPLOYMENT_TARGET = 9.3;
				MTL_ENABLE_DEBUG_INFO = NO;
				SDKROOT = iphoneos;
				VALIDATE_PRODUCT = YES;
			};
			name = Release;
		};
		77F986941D2D67960034D39F /* Debug */ = {
			isa = XCBuildConfiguration;
			buildSettings = {
				ASSETCATALOG_COMPILER_APPICON_NAME = AppIcon;
				INFOPLIST_FILE = WeatherInZP/Info.plist;
				LD_RUNPATH_SEARCH_PATHS = "$(inherited) @executable_path/Frameworks";
				PRODUCT_BUNDLE_IDENTIFIER = HE.WeatherInZP;
				PRODUCT_NAME = "$(TARGET_NAME)";
			};
			name = Debug;
		};
		77F986951D2D67960034D39F /* Release */ = {
			isa = XCBuildConfiguration;
			buildSettings = {
				ASSETCATALOG_COMPILER_APPICON_NAME = AppIcon;
				INFOPLIST_FILE = WeatherInZP/Info.plist;
				LD_RUNPATH_SEARCH_PATHS = "$(inherited) @executable_path/Frameworks";
				PRODUCT_BUNDLE_IDENTIFIER = HE.WeatherInZP;
				PRODUCT_NAME = "$(TARGET_NAME)";
			};
			name = Release;
		};
/* End XCBuildConfiguration section */

/* Begin XCConfigurationList section */
		77F986771D2D67960034D39F /* Build configuration list for PBXProject "WeatherInZP" */ = {
			isa = XCConfigurationList;
			buildConfigurations = (
				77F986911D2D67960034D39F /* Debug */,
				77F986921D2D67960034D39F /* Release */,
			);
			defaultConfigurationIsVisible = 0;
			defaultConfigurationName = Release;
		};
		77F986931D2D67960034D39F /* Build configuration list for PBXNativeTarget "WeatherInZP" */ = {
			isa = XCConfigurationList;
			buildConfigurations = (
				77F986941D2D67960034D39F /* Debug */,
				77F986951D2D67960034D39F /* Release */,
			);
			defaultConfigurationIsVisible = 0;
		};
/* End XCConfigurationList section */
	};
	rootObject = 77F986741D2D67960034D39F /* Project object */;
}
